
Microsoft Visual Studio Solution File, Format Version 12.00
# Visual Studio Version 16
VisualStudioVersion = 16.0.31129.286
MinimumVisualStudioVersion = 10.0.40219.1
Project("{FAE04EC0-301F-11D3-BF4B-00C04F79EFBC}") = "test1", "test1\test1.csproj", "{F8EF5950-9FA4-4513-ABC0-E8F6B1416EAE}"
EndProject
Global
	GlobalSection(SolutionConfigurationPlatforms) = preSolution
		Debug|Any CPU = Debug|Any CPU
		Release|Any CPU = Release|Any CPU
	EndGlobalSection
	GlobalSection(ProjectConfigurationPlatforms) = postSolution
		{F8EF5950-9FA4-4513-ABC0-E8F6B1416EAE}.Debug|Any CPU.ActiveCfg = Debug|Any CPU
		{F8EF5950-9FA4-4513-ABC0-E8F6B1416EAE}.Debug|Any CPU.Build.0 = Debug|Any CPU
		{F8EF5950-9FA4-4513-ABC0-E8F6B1416EAE}.Release|Any CPU.ActiveCfg = Release|Any CPU
		{F8EF5950-9FA4-4513-ABC0-E8F6B1416EAE}.Release|Any CPU.Build.0 = Release|Any CPU
	EndGlobalSection
	GlobalSection(SolutionProperties) = preSolution
		HideSolutionNode = FALSE
	EndGlobalSection
	GlobalSection(ExtensibilityGlobals) = postSolution
		SolutionGuid = {7E02A3F0-94B9-4679-810C-90E08BF94942}
	EndGlobalSection
EndGlobal
